PODS:
  - Expecta (1.0.3)
  - Expecta+Snapshots (2.0.0):
    - Expecta (~> 1.0)
    - FBSnapshotTestCase/Core (~> 2.0.3)
  - FBSnapshotTestCase/Core (2.0.7)
  - OCMock (2.2.4)
  - Specta (1.0.5)

DEPENDENCIES:
  - Expecta (= 1.0.3)
  - Expecta+Snapshots (= 2.0.0)
  - OCMock (= 2.2.4)
  - Specta (= 1.0.5)

SPEC CHECKSUMS:
  Expecta: 9d1bff6c8b0eeee73a166a2ee898892478927a15
  Expecta+Snapshots: 29b38dd695bc72a0ed2bea833937d78df41943ba
  FBSnapshotTestCase: 7e85180d0d141a0cf472352edda7e80d7eaeb547
  OCMock: a6a7dc0e3997fb9f35d99f72528698ebf60d64f2
  Specta: ac94d110b865115fe60ff2c6d7281053c6f8e8a2

PODFILE CHECKSUM: f69069ee4a25643d30e52182d2b8c3f0f79800a6

COCOAPODS: 1.0.1
