// !$*UTF8*$!
{
	archiveVersion = 1;
	classes = {
	};
	objectVersion = 46;
	objects = {

/* Begin PBXBuildFile section */
		25203E99E2977E690330F049 /* libPods-RSKImageCropperExampleTests.a in Frameworks */ = {isa = PBXBuildFile; fileRef = 8F634F70559E46EBF8D2B36A /* libPods-RSKImageCropperExampleTests.a */; };
		B803F69E1AAB0A1F004141CF /* CGGeometry+RSKImageCropper.m in Sources */ = {isa = PBXBuildFile; fileRef = B803F69D1AAB0A1F004141CF /* CGGeometry+RSKImageCropper.m */; };
		B8182F2E1ABC998B00601E43 /* LaunchScreen.xib in Resources */ = {isa = PBXBuildFile; fileRef = B8182F2D1ABC998B00601E43 /* LaunchScreen.xib */; };
		B82DF9C11AE27E81001F4ED2 /* RSKTouchViewTests.m in Sources */ = {isa = PBXBuildFile; fileRef = B82DF9C01AE27E81001F4ED2 /* RSKTouchViewTests.m */; };
		B82DF9C91AE2B28B001F4ED2 /* RSKImageCropViewControllerTests.m in Sources */ = {isa = PBXBuildFile; fileRef = B82DF9C81AE2B28B001F4ED2 /* RSKImageCropViewControllerTests.m */; };
		B857871A1AE44E26004232F0 /* UIApplication+RSKImageCropperTests.m in Sources */ = {isa = PBXBuildFile; fileRef = B85787191AE44E26004232F0 /* UIApplication+RSKImageCropperTests.m */; };
		B87A99F019A4D2CD00D12CD4 /* Foundation.framework in Frameworks */ = {isa = PBXBuildFile; fileRef = B87A99EF19A4D2CD00D12CD4 /* Foundation.framework */; };
		B87A99F219A4D2CD00D12CD4 /* CoreGraphics.framework in Frameworks */ = {isa = PBXBuildFile; fileRef = B87A99F119A4D2CD00D12CD4 /* CoreGraphics.framework */; };
		B87A99F419A4D2CD00D12CD4 /* UIKit.framework in Frameworks */ = {isa = PBXBuildFile; fileRef = B87A99F319A4D2CD00D12CD4 /* UIKit.framework */; };
		B87A99FA19A4D2CD00D12CD4 /* InfoPlist.strings in Resources */ = {isa = PBXBuildFile; fileRef = B87A99F819A4D2CD00D12CD4 /* InfoPlist.strings */; };
		B87A99FC19A4D2CD00D12CD4 /* main.m in Sources */ = {isa = PBXBuildFile; fileRef = B87A99FB19A4D2CD00D12CD4 /* main.m */; };
		B87A9A0019A4D2CD00D12CD4 /* RSKAppDelegate.m in Sources */ = {isa = PBXBuildFile; fileRef = B87A99FF19A4D2CD00D12CD4 /* RSKAppDelegate.m */; };
		B87A9A0219A4D2CD00D12CD4 /* Images.xcassets in Resources */ = {isa = PBXBuildFile; fileRef = B87A9A0119A4D2CD00D12CD4 /* Images.xcassets */; };
		B87A9A0919A4D2CD00D12CD4 /* XCTest.framework in Frameworks */ = {isa = PBXBuildFile; fileRef = B87A9A0819A4D2CD00D12CD4 /* XCTest.framework */; };
		B87A9A0A19A4D2CD00D12CD4 /* Foundation.framework in Frameworks */ = {isa = PBXBuildFile; fileRef = B87A99EF19A4D2CD00D12CD4 /* Foundation.framework */; };
		B87A9A0B19A4D2CD00D12CD4 /* UIKit.framework in Frameworks */ = {isa = PBXBuildFile; fileRef = B87A99F319A4D2CD00D12CD4 /* UIKit.framework */; };
		B87A9A1319A4D2CD00D12CD4 /* InfoPlist.strings in Resources */ = {isa = PBXBuildFile; fileRef = B87A9A1119A4D2CD00D12CD4 /* InfoPlist.strings */; };
		B87A9A2019A4D31100D12CD4 /* RSKExampleViewController.m in Sources */ = {isa = PBXBuildFile; fileRef = B87A9A1F19A4D31100D12CD4 /* RSKExampleViewController.m */; };
		B87A9A2C19A4D39800D12CD4 /* RSKImageScrollView.m in Sources */ = {isa = PBXBuildFile; fileRef = B87A9A2419A4D39800D12CD4 /* RSKImageScrollView.m */; };
		B87A9A2D19A4D39800D12CD4 /* RSKImageCropViewController.m in Sources */ = {isa = PBXBuildFile; fileRef = B87A9A2719A4D39800D12CD4 /* RSKImageCropViewController.m */; };
		B87A9A2E19A4D39800D12CD4 /* RSKTouchView.m in Sources */ = {isa = PBXBuildFile; fileRef = B87A9A2919A4D39800D12CD4 /* RSKTouchView.m */; };
		B87A9A2F19A4D39800D12CD4 /* UIImage+RSKImageCropper.m in Sources */ = {isa = PBXBuildFile; fileRef = B87A9A2B19A4D39800D12CD4 /* UIImage+RSKImageCropper.m */; };
		B8B3824C1AC721A7004C55F0 /* UIApplication+RSKImageCropper.m in Sources */ = {isa = PBXBuildFile; fileRef = B8B3824B1AC721A7004C55F0 /* UIApplication+RSKImageCropper.m */; };
		B8D73A841B9B1E22003AFA4A /* RSKImageCropperStrings.bundle in Resources */ = {isa = PBXBuildFile; fileRef = B8D73A831B9B1E22003AFA4A /* RSKImageCropperStrings.bundle */; };
		B8D73A871B9B1E73003AFA4A /* RSKInternalUtility.m in Sources */ = {isa = PBXBuildFile; fileRef = B8D73A861B9B1E73003AFA4A /* RSKInternalUtility.m */; };
		B8F617661AE43CEF00499402 /* RSKImageCropperPerformanceTests.m in Sources */ = {isa = PBXBuildFile; fileRef = B8F617651AE43CEF00499402 /* RSKImageCropperPerformanceTests.m */; };
		B8F617681AE4468000499402 /* RSKImageScrollViewTests.m in Sources */ = {isa = PBXBuildFile; fileRef = B8F617671AE4468000499402 /* RSKImageScrollViewTests.m */; };
/* End PBXBuildFile section */

/* Begin PBXContainerItemProxy section */
		B87A9A0C19A4D2CD00D12CD4 /* PBXContainerItemProxy */ = {
			isa = PBXContainerItemProxy;
			containerPortal = B87A99E419A4D2CD00D12CD4 /* Project object */;
			proxyType = 1;
			remoteGlobalIDString = B87A99EB19A4D2CD00D12CD4;
			remoteInfo = RSKPhotoCropperExample;
		};
/* End PBXContainerItemProxy section */

/* Begin PBXFileReference section */
		0C150E48F85DA51945C85DA1 /* Pods-RSKImageCropperExampleTests.debug.xcconfig */ = {isa = PBXFileReference; includeInIndex = 1; lastKnownFileType = text.xcconfig; name = "Pods-RSKImageCropperExampleTests.debug.xcconfig"; path = "Pods/Target Support Files/Pods-RSKImageCropperExampleTests/Pods-RSKImageCropperExampleTests.debug.xcconfig"; sourceTree = "<group>"; };
		46AAEE5D1B29155700E10C42 /* RSKImageCropViewController+Protected.h */ = {isa = PBXFileReference; lastKnownFileType = sourcecode.c.h; path = "RSKImageCropViewController+Protected.h"; sourceTree = "<group>"; };
		8F634F70559E46EBF8D2B36A /* libPods-RSKImageCropperExampleTests.a */ = {isa = PBXFileReference; explicitFileType = archive.ar; includeInIndex = 0; path = "libPods-RSKImageCropperExampleTests.a"; sourceTree = BUILT_PRODUCTS_DIR; };
		920CDB33366A5C7417CF0915 /* Pods-RSKImageCropperExampleTests.release.xcconfig */ = {isa = PBXFileReference; includeInIndex = 1; lastKnownFileType = text.xcconfig; name = "Pods-RSKImageCropperExampleTests.release.xcconfig"; path = "Pods/Target Support Files/Pods-RSKImageCropperExampleTests/Pods-RSKImageCropperExampleTests.release.xcconfig"; sourceTree = "<group>"; };
		B803F69C1AAB0A1F004141CF /* CGGeometry+RSKImageCropper.h */ = {isa = PBXFileReference; fileEncoding = 4; lastKnownFileType = sourcecode.c.h; path = "CGGeometry+RSKImageCropper.h"; sourceTree = "<group>"; };
		B803F69D1AAB0A1F004141CF /* CGGeometry+RSKImageCropper.m */ = {isa = PBXFileReference; fileEncoding = 4; lastKnownFileType = sourcecode.c.objc; path = "CGGeometry+RSKImageCropper.m"; sourceTree = "<group>"; };
		B8182F2D1ABC998B00601E43 /* LaunchScreen.xib */ = {isa = PBXFileReference; fileEncoding = 4; lastKnownFileType = file.xib; path = LaunchScreen.xib; sourceTree = "<group>"; };
		B82DF9BF1AE26DAD001F4ED2 /* RSKImageCropperExample-Prefix.pch */ = {isa = PBXFileReference; lastKnownFileType = sourcecode.c.h; path = "RSKImageCropperExample-Prefix.pch"; sourceTree = "<group>"; };
		B82DF9C01AE27E81001F4ED2 /* RSKTouchViewTests.m */ = {isa = PBXFileReference; fileEncoding = 4; lastKnownFileType = sourcecode.c.objc; path = RSKTouchViewTests.m; sourceTree = "<group>"; };
		B82DF9C81AE2B28B001F4ED2 /* RSKImageCropViewControllerTests.m */ = {isa = PBXFileReference; fileEncoding = 4; lastKnownFileType = sourcecode.c.objc; path = RSKImageCropViewControllerTests.m; sourceTree = "<group>"; };
		B85787191AE44E26004232F0 /* UIApplication+RSKImageCropperTests.m */ = {isa = PBXFileReference; fileEncoding = 4; lastKnownFileType = sourcecode.c.objc; path = "UIApplication+RSKImageCropperTests.m"; sourceTree = "<group>"; };
		B87A99EC19A4D2CD00D12CD4 /* RSKImageCropperExample.app */ = {isa = PBXFileReference; explicitFileType = wrapper.application; includeInIndex = 0; path = RSKImageCropperExample.app; sourceTree = BUILT_PRODUCTS_DIR; };
		B87A99EF19A4D2CD00D12CD4 /* Foundation.framework */ = {isa = PBXFileReference; lastKnownFileType = wrapper.framework; name = Foundation.framework; path = System/Library/Frameworks/Foundation.framework; sourceTree = SDKROOT; };
		B87A99F119A4D2CD00D12CD4 /* CoreGraphics.framework */ = {isa = PBXFileReference; lastKnownFileType = wrapper.framework; name = CoreGraphics.framework; path = System/Library/Frameworks/CoreGraphics.framework; sourceTree = SDKROOT; };
		B87A99F319A4D2CD00D12CD4 /* UIKit.framework */ = {isa = PBXFileReference; lastKnownFileType = wrapper.framework; name = UIKit.framework; path = System/Library/Frameworks/UIKit.framework; sourceTree = SDKROOT; };
		B87A99F719A4D2CD00D12CD4 /* RSKImageCropperExample-Info.plist */ = {isa = PBXFileReference; lastKnownFileType = text.plist.xml; path = "RSKImageCropperExample-Info.plist"; sourceTree = "<group>"; };
		B87A99F919A4D2CD00D12CD4 /* en */ = {isa = PBXFileReference; lastKnownFileType = text.plist.strings; name = en; path = en.lproj/InfoPlist.strings; sourceTree = "<group>"; };
		B87A99FB19A4D2CD00D12CD4 /* main.m */ = {isa = PBXFileReference; lastKnownFileType = sourcecode.c.objc; path = main.m; sourceTree = "<group>"; };
		B87A99FD19A4D2CD00D12CD4 /* RSKImageCropperExample-Prefix.pch */ = {isa = PBXFileReference; lastKnownFileType = sourcecode.c.h; path = "RSKImageCropperExample-Prefix.pch"; sourceTree = "<group>"; };
		B87A99FE19A4D2CD00D12CD4 /* RSKAppDelegate.h */ = {isa = PBXFileReference; lastKnownFileType = sourcecode.c.h; path = RSKAppDelegate.h; sourceTree = "<group>"; };
		B87A99FF19A4D2CD00D12CD4 /* RSKAppDelegate.m */ = {isa = PBXFileReference; lastKnownFileType = sourcecode.c.objc; path = RSKAppDelegate.m; sourceTree = "<group>"; };
		B87A9A0119A4D2CD00D12CD4 /* Images.xcassets */ = {isa = PBXFileReference; lastKnownFileType = folder.assetcatalog; path = Images.xcassets; sourceTree = "<group>"; };
		B87A9A0719A4D2CD00D12CD4 /* RSKImageCropperExampleTests.xctest */ = {isa = PBXFileReference; explicitFileType = wrapper.cfbundle; includeInIndex = 0; path = RSKImageCropperExampleTests.xctest; sourceTree = BUILT_PRODUCTS_DIR; };
		B87A9A0819A4D2CD00D12CD4 /* XCTest.framework */ = {isa = PBXFileReference; lastKnownFileType = wrapper.framework; name = XCTest.framework; path = Library/Frameworks/XCTest.framework; sourceTree = DEVELOPER_DIR; };
		B87A9A1019A4D2CD00D12CD4 /* RSKImageCropperExampleTests-Info.plist */ = {isa = PBXFileReference; lastKnownFileType = text.plist.xml; path = "RSKImageCropperExampleTests-Info.plist"; sourceTree = "<group>"; };
		B87A9A1219A4D2CD00D12CD4 /* en */ = {isa = PBXFileReference; lastKnownFileType = text.plist.strings; name = en; path = en.lproj/InfoPlist.strings; sourceTree = "<group>"; };
		B87A9A1E19A4D31100D12CD4 /* RSKExampleViewController.h */ = {isa = PBXFileReference; fileEncoding = 4; lastKnownFileType = sourcecode.c.h; path = RSKExampleViewController.h; sourceTree = "<group>"; };
		B87A9A1F19A4D31100D12CD4 /* RSKExampleViewController.m */ = {isa = PBXFileReference; fileEncoding = 4; lastKnownFileType = sourcecode.c.objc; path = RSKExampleViewController.m; sourceTree = "<group>"; };
		B87A9A2319A4D39800D12CD4 /* RSKImageScrollView.h */ = {isa = PBXFileReference; fileEncoding = 4; lastKnownFileType = sourcecode.c.h; path = RSKImageScrollView.h; sourceTree = "<group>"; };
		B87A9A2419A4D39800D12CD4 /* RSKImageScrollView.m */ = {isa = PBXFileReference; fileEncoding = 4; lastKnownFileType = sourcecode.c.objc; path = RSKImageScrollView.m; sourceTree = "<group>"; };
		B87A9A2519A4D39800D12CD4 /* RSKImageCropper.h */ = {isa = PBXFileReference; fileEncoding = 4; lastKnownFileType = sourcecode.c.h; path = RSKImageCropper.h; sourceTree = "<group>"; };
		B87A9A2619A4D39800D12CD4 /* RSKImageCropViewController.h */ = {isa = PBXFileReference; fileEncoding = 4; lastKnownFileType = sourcecode.c.h; path = RSKImageCropViewController.h; sourceTree = "<group>"; };
		B87A9A2719A4D39800D12CD4 /* RSKImageCropViewController.m */ = {isa = PBXFileReference; fileEncoding = 4; lastKnownFileType = sourcecode.c.objc; path = RSKImageCropViewController.m; sourceTree = "<group>"; };
		B87A9A2819A4D39800D12CD4 /* RSKTouchView.h */ = {isa = PBXFileReference; fileEncoding = 4; lastKnownFileType = sourcecode.c.h; path = RSKTouchView.h; sourceTree = "<group>"; };
		B87A9A2919A4D39800D12CD4 /* RSKTouchView.m */ = {isa = PBXFileReference; fileEncoding = 4; lastKnownFileType = sourcecode.c.objc; path = RSKTouchView.m; sourceTree = "<group>"; };
		B87A9A2A19A4D39800D12CD4 /* UIImage+RSKImageCropper.h */ = {isa = PBXFileReference; fileEncoding = 4; lastKnownFileType = sourcecode.c.h; path = "UIImage+RSKImageCropper.h"; sourceTree = "<group>"; };
		B87A9A2B19A4D39800D12CD4 /* UIImage+RSKImageCropper.m */ = {isa = PBXFileReference; fileEncoding = 4; lastKnownFileType = sourcecode.c.objc; path = "UIImage+RSKImageCropper.m"; sourceTree = "<group>"; };
		B8B3824A1AC721A7004C55F0 /* UIApplication+RSKImageCropper.h */ = {isa = PBXFileReference; fileEncoding = 4; lastKnownFileType = sourcecode.c.h; path = "UIApplication+RSKImageCropper.h"; sourceTree = "<group>"; };
		B8B3824B1AC721A7004C55F0 /* UIApplication+RSKImageCropper.m */ = {isa = PBXFileReference; fileEncoding = 4; lastKnownFileType = sourcecode.c.objc; path = "UIApplication+RSKImageCropper.m"; sourceTree = "<group>"; };
		B8D73A831B9B1E22003AFA4A /* RSKImageCropperStrings.bundle */ = {isa = PBXFileReference; lastKnownFileType = "wrapper.plug-in"; path = RSKImageCropperStrings.bundle; sourceTree = "<group>"; };
		B8D73A851B9B1E73003AFA4A /* RSKInternalUtility.h */ = {isa = PBXFileReference; fileEncoding = 4; lastKnownFileType = sourcecode.c.h; path = RSKInternalUtility.h; sourceTree = "<group>"; };
		B8D73A861B9B1E73003AFA4A /* RSKInternalUtility.m */ = {isa = PBXFileReference; fileEncoding = 4; lastKnownFileType = sourcecode.c.objc; path = RSKInternalUtility.m; sourceTree = "<group>"; };
		B8F617651AE43CEF00499402 /* RSKImageCropperPerformanceTests.m */ = {isa = PBXFileReference; fileEncoding = 4; lastKnownFileType = sourcecode.c.objc; path = RSKImageCropperPerformanceTests.m; sourceTree = "<group>"; };
		B8F617671AE4468000499402 /* RSKImageScrollViewTests.m */ = {isa = PBXFileReference; fileEncoding = 4; lastKnownFileType = sourcecode.c.objc; path = RSKImageScrollViewTests.m; sourceTree = "<group>"; };
/* End PBXFileReference section */

/* Begin PBXFrameworksBuildPhase section */
		B87A99E919A4D2CD00D12CD4 /* Frameworks */ = {
			isa = PBXFrameworksBuildPhase;
			buildActionMask = 2147483647;
			files = (
				B87A99F219A4D2CD00D12CD4 /* CoreGraphics.framework in Frameworks */,
				B87A99F419A4D2CD00D12CD4 /* UIKit.framework in Frameworks */,
				B87A99F019A4D2CD00D12CD4 /* Foundation.framework in Frameworks */,
			);
			runOnlyForDeploymentPostprocessing = 0;
		};
		B87A9A0419A4D2CD00D12CD4 /* Frameworks */ = {
			isa = PBXFrameworksBuildPhase;
			buildActionMask = 2147483647;
			files = (
				B87A9A0919A4D2CD00D12CD4 /* XCTest.framework in Frameworks */,
				B87A9A0B19A4D2CD00D12CD4 /* UIKit.framework in Frameworks */,
				B87A9A0A19A4D2CD00D12CD4 /* Foundation.framework in Frameworks */,
				25203E99E2977E690330F049 /* libPods-RSKImageCropperExampleTests.a in Frameworks */,
			);
			runOnlyForDeploymentPostprocessing = 0;
		};
/* End PBXFrameworksBuildPhase section */

/* Begin PBXGroup section */
		A4C3C27E54049C6A4E02E73C /* Pods */ = {
			isa = PBXGroup;
			children = (
				0C150E48F85DA51945C85DA1 /* Pods-RSKImageCropperExampleTests.debug.xcconfig */,
				920CDB33366A5C7417CF0915 /* Pods-RSKImageCropperExampleTests.release.xcconfig */,
			);
			name = Pods;
			sourceTree = "<group>";
		};
		B87A99E319A4D2CD00D12CD4 = {
			isa = PBXGroup;
			children = (
				B87A99F519A4D2CD00D12CD4 /* Classes */,
				B87A9A3019A4D59D00D12CD4 /* Vendor */,
				B87A9A0E19A4D2CD00D12CD4 /* RSKImageCropperExampleTests */,
				B87A99EE19A4D2CD00D12CD4 /* Frameworks */,
				B87A99ED19A4D2CD00D12CD4 /* Products */,
				A4C3C27E54049C6A4E02E73C /* Pods */,
			);
			sourceTree = "<group>";
		};
		B87A99ED19A4D2CD00D12CD4 /* Products */ = {
			isa = PBXGroup;
			children = (
				B87A99EC19A4D2CD00D12CD4 /* RSKImageCropperExample.app */,
				B87A9A0719A4D2CD00D12CD4 /* RSKImageCropperExampleTests.xctest */,
			);
			name = Products;
			sourceTree = "<group>";
		};
		B87A99EE19A4D2CD00D12CD4 /* Frameworks */ = {
			isa = PBXGroup;
			children = (
				B87A99EF19A4D2CD00D12CD4 /* Foundation.framework */,
				B87A99F119A4D2CD00D12CD4 /* CoreGraphics.framework */,
				B87A99F319A4D2CD00D12CD4 /* UIKit.framework */,
				B87A9A0819A4D2CD00D12CD4 /* XCTest.framework */,
				8F634F70559E46EBF8D2B36A /* libPods-RSKImageCropperExampleTests.a */,
			);
			name = Frameworks;
			sourceTree = "<group>";
		};
		B87A99F519A4D2CD00D12CD4 /* Classes */ = {
			isa = PBXGroup;
			children = (
				B87A99FE19A4D2CD00D12CD4 /* RSKAppDelegate.h */,
				B87A99FF19A4D2CD00D12CD4 /* RSKAppDelegate.m */,
				B87A9A2119A4D31A00D12CD4 /* Controllers */,
				B87A9A0119A4D2CD00D12CD4 /* Images.xcassets */,
				B87A99F619A4D2CD00D12CD4 /* Supporting Files */,
				B8182F2D1ABC998B00601E43 /* LaunchScreen.xib */,
			);
			name = Classes;
			path = RSKImageCropperExample;
			sourceTree = "<group>";
		};
		B87A99F619A4D2CD00D12CD4 /* Supporting Files */ = {
			isa = PBXGroup;
			children = (
				B87A99F719A4D2CD00D12CD4 /* RSKImageCropperExample-Info.plist */,
				B87A99F819A4D2CD00D12CD4 /* InfoPlist.strings */,
				B87A99FB19A4D2CD00D12CD4 /* main.m */,
				B87A99FD19A4D2CD00D12CD4 /* RSKImageCropperExample-Prefix.pch */,
			);
			name = "Supporting Files";
			sourceTree = "<group>";
		};
		B87A9A0E19A4D2CD00D12CD4 /* RSKImageCropperExampleTests */ = {
			isa = PBXGroup;
			children = (
				B8F617651AE43CEF00499402 /* RSKImageCropperPerformanceTests.m */,
				B82DF9C81AE2B28B001F4ED2 /* RSKImageCropViewControllerTests.m */,
				B8F617671AE4468000499402 /* RSKImageScrollViewTests.m */,
				B82DF9C01AE27E81001F4ED2 /* RSKTouchViewTests.m */,
				B87A9A0F19A4D2CD00D12CD4 /* Supporting Files */,
				B85787191AE44E26004232F0 /* UIApplication+RSKImageCropperTests.m */,
			);
			path = RSKImageCropperExampleTests;
			sourceTree = "<group>";
		};
		B87A9A0F19A4D2CD00D12CD4 /* Supporting Files */ = {
			isa = PBXGroup;
			children = (
				B87A9A1019A4D2CD00D12CD4 /* RSKImageCropperExampleTests-Info.plist */,
				B87A9A1119A4D2CD00D12CD4 /* InfoPlist.strings */,
				B82DF9BF1AE26DAD001F4ED2 /* RSKImageCropperExample-Prefix.pch */,
			);
			name = "Supporting Files";
			sourceTree = "<group>";
		};
		B87A9A2119A4D31A00D12CD4 /* Controllers */ = {
			isa = PBXGroup;
			children = (
				B87A9A1E19A4D31100D12CD4 /* RSKExampleViewController.h */,
				B87A9A1F19A4D31100D12CD4 /* RSKExampleViewController.m */,
			);
			name = Controllers;
			sourceTree = "<group>";
		};
		B87A9A2219A4D39800D12CD4 /* RSKImageCropper */ = {
			isa = PBXGroup;
			children = (
				B803F69C1AAB0A1F004141CF /* CGGeometry+RSKImageCropper.h */,
				B803F69D1AAB0A1F004141CF /* CGGeometry+RSKImageCropper.m */,
				B87A9A2519A4D39800D12CD4 /* RSKImageCropper.h */,
				B87A9A2619A4D39800D12CD4 /* RSKImageCropViewController.h */,
				B87A9A2719A4D39800D12CD4 /* RSKImageCropViewController.m */,
				46AAEE5D1B29155700E10C42 /* RSKImageCropViewController+Protected.h */,
				B87A9A2319A4D39800D12CD4 /* RSKImageScrollView.h */,
				B87A9A2419A4D39800D12CD4 /* RSKImageScrollView.m */,
				B8D73A851B9B1E73003AFA4A /* RSKInternalUtility.h */,
				B8D73A861B9B1E73003AFA4A /* RSKInternalUtility.m */,
				B87A9A2819A4D39800D12CD4 /* RSKTouchView.h */,
				B87A9A2919A4D39800D12CD4 /* RSKTouchView.m */,
				B8B3824A1AC721A7004C55F0 /* UIApplication+RSKImageCropper.h */,
				B8B3824B1AC721A7004C55F0 /* UIApplication+RSKImageCropper.m */,
				B87A9A2A19A4D39800D12CD4 /* UIImage+RSKImageCropper.h */,
				B87A9A2B19A4D39800D12CD4 /* UIImage+RSKImageCropper.m */,
				B8D73A881B9B3C3F003AFA4A /* Resources */,
			);
			name = RSKImageCropper;
			path = ../RSKImageCropper;
			sourceTree = "<group>";
		};
		B87A9A3019A4D59D00D12CD4 /* Vendor */ = {
			isa = PBXGroup;
			children = (
				B87A9A2219A4D39800D12CD4 /* RSKImageCropper */,
			);
			name = Vendor;
			sourceTree = "<group>";
		};
		B8D73A881B9B3C3F003AFA4A /* Resources */ = {
			isa = PBXGroup;
			children = (
				B8D73A831B9B1E22003AFA4A /* RSKImageCropperStrings.bundle */,
			);
			name = Resources;
			sourceTree = "<group>";
		};
/* End PBXGroup section */

/* Begin PBXNativeTarget section */
		B87A99EB19A4D2CD00D12CD4 /* RSKImageCropperExample */ = {
			isa = PBXNativeTarget;
			buildConfigurationList = B87A9A1819A4D2CD00D12CD4 /* Build configuration list for PBXNativeTarget "RSKImageCropperExample" */;
			buildPhases = (
				B87A99E819A4D2CD00D12CD4 /* Sources */,
				B87A99E919A4D2CD00D12CD4 /* Frameworks */,
				B87A99EA19A4D2CD00D12CD4 /* Resources */,
			);
			buildRules = (
			);
			dependencies = (
			);
			name = RSKImageCropperExample;
			productName = RSKPhotoCropperExample;
			productReference = B87A99EC19A4D2CD00D12CD4 /* RSKImageCropperExample.app */;
			productType = "com.apple.product-type.application";
		};
		B87A9A0619A4D2CD00D12CD4 /* RSKImageCropperExampleTests */ = {
			isa = PBXNativeTarget;
			buildConfigurationList = B87A9A1B19A4D2CD00D12CD4 /* Build configuration list for PBXNativeTarget "RSKImageCropperExampleTests" */;
			buildPhases = (
				E6ACA6AC7E2047985157DEC7 /* [CP] Check Pods Manifest.lock */,
				B87A9A0319A4D2CD00D12CD4 /* Sources */,
				B87A9A0419A4D2CD00D12CD4 /* Frameworks */,
				B87A9A0519A4D2CD00D12CD4 /* Resources */,
				DA01B7473BA16B2EFF8F720F /* [CP] Embed Pods Frameworks */,
				66ECB2CF2CC9B870D07D888D /* [CP] Copy Pods Resources */,
			);
			buildRules = (
			);
			dependencies = (
				B87A9A0D19A4D2CD00D12CD4 /* PBXTargetDependency */,
			);
			name = RSKImageCropperExampleTests;
			productName = RSKPhotoCropperExampleTests;
			productReference = B87A9A0719A4D2CD00D12CD4 /* RSKImageCropperExampleTests.xctest */;
			productType = "com.apple.product-type.bundle.unit-test";
		};
/* End PBXNativeTarget section */

/* Begin PBXProject section */
		B87A99E419A4D2CD00D12CD4 /* Project object */ = {
			isa = PBXProject;
			attributes = {
				CLASSPREFIX = RSK;
				LastUpgradeCheck = 0700;
				ORGANIZATIONNAME = "Ruslan Skorb";
				TargetAttributes = {
					B87A9A0619A4D2CD00D12CD4 = {
						TestTargetID = B87A99EB19A4D2CD00D12CD4;
					};
				};
			};
			buildConfigurationList = B87A99E719A4D2CD00D12CD4 /* Build configuration list for PBXProject "RSKImageCropperExample" */;
			compatibilityVersion = "Xcode 3.2";
			developmentRegion = English;
			hasScannedForEncodings = 0;
			knownRegions = (
				en,
			);
			mainGroup = B87A99E319A4D2CD00D12CD4;
			productRefGroup = B87A99ED19A4D2CD00D12CD4 /* Products */;
			projectDirPath = "";
			projectRoot = "";
			targets = (
				B87A99EB19A4D2CD00D12CD4 /* RSKImageCropperExample */,
				B87A9A0619A4D2CD00D12CD4 /* RSKImageCropperExampleTests */,
			);
		};
/* End PBXProject section */

/* Begin PBXResourcesBuildPhase section */
		B87A99EA19A4D2CD00D12CD4 /* Resources */ = {
			isa = PBXResourcesBuildPhase;
			buildActionMask = 2147483647;
			files = (
				B87A99FA19A4D2CD00D12CD4 /* InfoPlist.strings in Resources */,
				B8D73A841B9B1E22003AFA4A /* RSKImageCropperStrings.bundle in Resources */,
				B87A9A0219A4D2CD00D12CD4 /* Images.xcassets in Resources */,
				B8182F2E1ABC998B00601E43 /* LaunchScreen.xib in Resources */,
			);
			runOnlyForDeploymentPostprocessing = 0;
		};
		B87A9A0519A4D2CD00D12CD4 /* Resources */ = {
			isa = PBXResourcesBuildPhase;
			buildActionMask = 2147483647;
			files = (
				B87A9A1319A4D2CD00D12CD4 /* InfoPlist.strings in Resources */,
			);
			runOnlyForDeploymentPostprocessing = 0;
		};
/* End PBXResourcesBuildPhase section */

/* Begin PBXShellScriptBuildPhase section */
		66ECB2CF2CC9B870D07D888D /* [CP] Copy Pods Resources */ = {
			isa = PBXShellScriptBuildPhase;
			buildActionMask = 2147483647;
			files = (
			);
			inputPaths = (
			);
			name = "[CP] Copy Pods Resources";
			outputPaths = (
			);
			runOnlyForDeploymentPostprocessing = 0;
			shellPath = /bin/sh;
			shellScript = "\"${SRCROOT}/Pods/Target Support Files/Pods-RSKImageCropperExampleTests/Pods-RSKImageCropperExampleTests-resources.sh\"\n";
			showEnvVarsInLog = 0;
		};
		DA01B7473BA16B2EFF8F720F /* [CP] Embed Pods Frameworks */ = {
			isa = PBXShellScriptBuildPhase;
			buildActionMask = 2147483647;
			files = (
			);
			inputPaths = (
			);
			name = "[CP] Embed Pods Frameworks";
			outputPaths = (
			);
			runOnlyForDeploymentPostprocessing = 0;
			shellPath = /bin/sh;
			shellScript = "\"${SRCROOT}/Pods/Target Support Files/Pods-RSKImageCropperExampleTests/Pods-RSKImageCropperExampleTests-frameworks.sh\"\n";
			showEnvVarsInLog = 0;
		};
		E6ACA6AC7E2047985157DEC7 /* [CP] Check Pods Manifest.lock */ = {
			isa = PBXShellScriptBuildPhase;
			buildActionMask = 2147483647;
			files = (
			);
			inputPaths = (
			);
			name = "[CP] Check Pods Manifest.lock";
			outputPaths = (
			);
			runOnlyForDeploymentPostprocessing = 0;
			shellPath = /bin/sh;
			shellScript = "diff \"${PODS_ROOT}/../Podfile.lock\" \"${PODS_ROOT}/Manifest.lock\" > /dev/null\nif [[ $? != 0 ]] ; then\n    cat << EOM\nerror: The sandbox is not in sync with the Podfile.lock. Run 'pod install' or update your CocoaPods installation.\nEOM\n    exit 1\nfi\n";
			showEnvVarsInLog = 0;
		};
/* End PBXShellScriptBuildPhase section */

/* Begin PBXSourcesBuildPhase section */
		B87A99E819A4D2CD00D12CD4 /* Sources */ = {
			isa = PBXSourcesBuildPhase;
			buildActionMask = 2147483647;
			files = (
				B8B3824C1AC721A7004C55F0 /* UIApplication+RSKImageCropper.m in Sources */,
				B87A9A2C19A4D39800D12CD4 /* RSKImageScrollView.m in Sources */,
				B87A9A2E19A4D39800D12CD4 /* RSKTouchView.m in Sources */,
				B87A9A2019A4D31100D12CD4 /* RSKExampleViewController.m in Sources */,
				B87A9A2F19A4D39800D12CD4 /* UIImage+RSKImageCropper.m in Sources */,
				B87A99FC19A4D2CD00D12CD4 /* main.m in Sources */,
				B8D73A871B9B1E73003AFA4A /* RSKInternalUtility.m in Sources */,
				B87A9A2D19A4D39800D12CD4 /* RSKImageCropViewController.m in Sources */,
				B803F69E1AAB0A1F004141CF /* CGGeometry+RSKImageCropper.m in Sources */,
				B87A9A0019A4D2CD00D12CD4 /* RSKAppDelegate.m in Sources */,
			);
			runOnlyForDeploymentPostprocessing = 0;
		};
		B87A9A0319A4D2CD00D12CD4 /* Sources */ = {
			isa = PBXSourcesBuildPhase;
			buildActionMask = 2147483647;
			files = (
				B8F617681AE4468000499402 /* RSKImageScrollViewTests.m in Sources */,
				B82DF9C11AE27E81001F4ED2 /* RSKTouchViewTests.m in Sources */,
				B857871A1AE44E26004232F0 /* UIApplication+RSKImageCropperTests.m in Sources */,
				B8F617661AE43CEF00499402 /* RSKImageCropperPerformanceTests.m in Sources */,
				B82DF9C91AE2B28B001F4ED2 /* RSKImageCropViewControllerTests.m in Sources */,
			);
			runOnlyForDeploymentPostprocessing = 0;
		};
/* End PBXSourcesBuildPhase section */

/* Begin PBXTargetDependency section */
		B87A9A0D19A4D2CD00D12CD4 /* PBXTargetDependency */ = {
			isa = PBXTargetDependency;
			target = B87A99EB19A4D2CD00D12CD4 /* RSKImageCropperExample */;
			targetProxy = B87A9A0C19A4D2CD00D12CD4 /* PBXContainerItemProxy */;
		};
/* End PBXTargetDependency section */

/* Begin PBXVariantGroup section */
		B87A99F819A4D2CD00D12CD4 /* InfoPlist.strings */ = {
			isa = PBXVariantGroup;
			children = (
				B87A99F919A4D2CD00D12CD4 /* en */,
			);
			name = InfoPlist.strings;
			sourceTree = "<group>";
		};
		B87A9A1119A4D2CD00D12CD4 /* InfoPlist.strings */ = {
			isa = PBXVariantGroup;
			children = (
				B87A9A1219A4D2CD00D12CD4 /* en */,
			);
			name = InfoPlist.strings;
			sourceTree = "<group>";
		};
/* End PBXVariantGroup section */

/* Begin XCBuildConfiguration section */
		B87A9A1619A4D2CD00D12CD4 /* Debug */ = {
			isa = XCBuildConfiguration;
			buildSettings = {
				ALWAYS_SEARCH_USER_PATHS = NO;
				CLANG_CXX_LANGUAGE_STANDARD = "gnu++0x";
				CLANG_CXX_LIBRARY = "libc++";
				CLANG_ENABLE_MODULES = YES;
				CLANG_ENABLE_OBJC_ARC = YES;
				CLANG_WARN_BOOL_CONVERSION = YES;
				CLANG_WARN_CONSTANT_CONVERSION = YES;
				CLANG_WARN_DIRECT_OBJC_ISA_USAGE = YES_ERROR;
				CLANG_WARN_EMPTY_BODY = YES;
				CLANG_WARN_ENUM_CONVERSION = YES;
				CLANG_WARN_INT_CONVERSION = YES;
				CLANG_WARN_OBJC_ROOT_CLASS = YES_ERROR;
				CLANG_WARN__DUPLICATE_METHOD_MATCH = YES;
				"CODE_SIGN_IDENTITY[sdk=iphoneos*]" = "iPhone Developer";
				COPY_PHASE_STRIP = NO;
				ENABLE_TESTABILITY = YES;
				GCC_C_LANGUAGE_STANDARD = gnu99;
				GCC_DYNAMIC_NO_PIC = NO;
				GCC_GENERATE_TEST_COVERAGE_FILES = YES;
				GCC_INSTRUMENT_PROGRAM_FLOW_ARCS = YES;
				GCC_OPTIMIZATION_LEVEL = 0;
				GCC_PREPROCESSOR_DEFINITIONS = (
					"DEBUG=1",
					"$(inherited)",
				);
				GCC_SYMBOLS_PRIVATE_EXTERN = NO;
				GCC_WARN_64_TO_32_BIT_CONVERSION = YES;
				GCC_WARN_ABOUT_RETURN_TYPE = YES_ERROR;
				GCC_WARN_UNDECLARED_SELECTOR = YES;
				GCC_WARN_UNINITIALIZED_AUTOS = YES_AGGRESSIVE;
				GCC_WARN_UNUSED_FUNCTION = YES;
				GCC_WARN_UNUSED_VARIABLE = YES;
				HEADER_SEARCH_PATHS = (
					"$(inherited)",
					/Applications/Xcode.app/Contents/Developer/Toolchains/XcodeDefault.xctoolchain/usr/include,
					..,
				);
				IPHONEOS_DEPLOYMENT_TARGET = 7.0;
				ONLY_ACTIVE_ARCH = YES;
				SDKROOT = iphoneos;
				TARGETED_DEVICE_FAMILY = "1,2";
			};
			name = Debug;
		};
		B87A9A1719A4D2CD00D12CD4 /* Release */ = {
			isa = XCBuildConfiguration;
			buildSettings = {
				ALWAYS_SEARCH_USER_PATHS = NO;
				CLANG_CXX_LANGUAGE_STANDARD = "gnu++0x";
				CLANG_CXX_LIBRARY = "libc++";
				CLANG_ENABLE_MODULES = YES;
				CLANG_ENABLE_OBJC_ARC = YES;
				CLANG_WARN_BOOL_CONVERSION = YES;
				CLANG_WARN_CONSTANT_CONVERSION = YES;
				CLANG_WARN_DIRECT_OBJC_ISA_USAGE = YES_ERROR;
				CLANG_WARN_EMPTY_BODY = YES;
				CLANG_WARN_ENUM_CONVERSION = YES;
				CLANG_WARN_INT_CONVERSION = YES;
				CLANG_WARN_OBJC_ROOT_CLASS = YES_ERROR;
				CLANG_WARN__DUPLICATE_METHOD_MATCH = YES;
				"CODE_SIGN_IDENTITY[sdk=iphoneos*]" = "iPhone Developer";
				COPY_PHASE_STRIP = YES;
				ENABLE_NS_ASSERTIONS = NO;
				GCC_C_LANGUAGE_STANDARD = gnu99;
				GCC_GENERATE_TEST_COVERAGE_FILES = YES;
				GCC_INSTRUMENT_PROGRAM_FLOW_ARCS = YES;
				GCC_WARN_64_TO_32_BIT_CONVERSION = YES;
				GCC_WARN_ABOUT_RETURN_TYPE = YES_ERROR;
				GCC_WARN_UNDECLARED_SELECTOR = YES;
				GCC_WARN_UNINITIALIZED_AUTOS = YES_AGGRESSIVE;
				GCC_WARN_UNUSED_FUNCTION = YES;
				GCC_WARN_UNUSED_VARIABLE = YES;
				HEADER_SEARCH_PATHS = (
					"$(inherited)",
					/Applications/Xcode.app/Contents/Developer/Toolchains/XcodeDefault.xctoolchain/usr/include,
					..,
				);
				IPHONEOS_DEPLOYMENT_TARGET = 7.0;
				SDKROOT = iphoneos;
				TARGETED_DEVICE_FAMILY = "1,2";
				VALIDATE_PRODUCT = YES;
			};
			name = Release;
		};
		B87A9A1919A4D2CD00D12CD4 /* Debug */ = {
			isa = XCBuildConfiguration;
			buildSettings = {
				ASSETCATALOG_COMPILER_APPICON_NAME = AppIcon;
				ASSETCATALOG_COMPILER_LAUNCHIMAGE_NAME = LaunchImage;
				GCC_PRECOMPILE_PREFIX_HEADER = YES;
				GCC_PREFIX_HEADER = "RSKImageCropperExample/RSKImageCropperExample-Prefix.pch";
				INFOPLIST_FILE = "RSKImageCropperExample/RSKImageCropperExample-Info.plist";
				PRODUCT_BUNDLE_IDENTIFIER = "com.ruslanskorb.${PRODUCT_NAME:rfc1034identifier}";
				PRODUCT_NAME = RSKImageCropperExample;
				TARGETED_DEVICE_FAMILY = 1;
				WRAPPER_EXTENSION = app;
			};
			name = Debug;
		};
		B87A9A1A19A4D2CD00D12CD4 /* Release */ = {
			isa = XCBuildConfiguration;
			buildSettings = {
				ASSETCATALOG_COMPILER_APPICON_NAME = AppIcon;
				ASSETCATALOG_COMPILER_LAUNCHIMAGE_NAME = LaunchImage;
				GCC_PRECOMPILE_PREFIX_HEADER = YES;
				GCC_PREFIX_HEADER = "RSKImageCropperExample/RSKImageCropperExample-Prefix.pch";
				INFOPLIST_FILE = "RSKImageCropperExample/RSKImageCropperExample-Info.plist";
				PRODUCT_BUNDLE_IDENTIFIER = "com.ruslanskorb.${PRODUCT_NAME:rfc1034identifier}";
				PRODUCT_NAME = RSKImageCropperExample;
				TARGETED_DEVICE_FAMILY = 1;
				WRAPPER_EXTENSION = app;
			};
			name = Release;
		};
		B87A9A1C19A4D2CD00D12CD4 /* Debug */ = {
			isa = XCBuildConfiguration;
			baseConfigurationReference = 0C150E48F85DA51945C85DA1 /* Pods-RSKImageCropperExampleTests.debug.xcconfig */;
			buildSettings = {
				BUNDLE_LOADER = "$(BUILT_PRODUCTS_DIR)/RSKImageCropperExample.app/RSKImageCropperExample";
				FRAMEWORK_SEARCH_PATHS = (
					"$(inherited)",
					"$(DEVELOPER_FRAMEWORKS_DIR)",
				);
				GCC_PRECOMPILE_PREFIX_HEADER = YES;
				GCC_PREFIX_HEADER = "RSKImageCropperExampleTests/RSKImageCropperExample-Prefix.pch";
				GCC_PREPROCESSOR_DEFINITIONS = (
					"DEBUG=1",
					"$(inherited)",
				);
				INFOPLIST_FILE = "RSKImageCropperExampleTests/RSKImageCropperExampleTests-Info.plist";
				PRODUCT_BUNDLE_IDENTIFIER = "com.ruslanskorb.${PRODUCT_NAME:rfc1034identifier}";
				PRODUCT_NAME = RSKImageCropperExampleTests;
				TEST_HOST = "$(BUNDLE_LOADER)";
				WRAPPER_EXTENSION = xctest;
			};
			name = Debug;
		};
		B87A9A1D19A4D2CD00D12CD4 /* Release */ = {
			isa = XCBuildConfiguration;
			baseConfigurationReference = 920CDB33366A5C7417CF0915 /* Pods-RSKImageCropperExampleTests.release.xcconfig */;
			buildSettings = {
				BUNDLE_LOADER = "$(BUILT_PRODUCTS_DIR)/RSKImageCropperExample.app/RSKImageCropperExample";
				FRAMEWORK_SEARCH_PATHS = (
					"$(inherited)",
					"$(DEVELOPER_FRAMEWORKS_DIR)",
				);
				GCC_PRECOMPILE_PREFIX_HEADER = YES;
				GCC_PREFIX_HEADER = "RSKImageCropperExampleTests/RSKImageCropperExample-Prefix.pch";
				INFOPLIST_FILE = "RSKImageCropperExampleTests/RSKImageCropperExampleTests-Info.plist";
				PRODUCT_BUNDLE_IDENTIFIER = "com.ruslanskorb.${PRODUCT_NAME:rfc1034identifier}";
				PRODUCT_NAME = RSKImageCropperExampleTests;
				TEST_HOST = "$(BUNDLE_LOADER)";
				WRAPPER_EXTENSION = xctest;
			};
			name = Release;
		};
/* End XCBuildConfiguration section */

/* Begin XCConfigurationList section */
		B87A99E719A4D2CD00D12CD4 /* Build configuration list for PBXProject "RSKImageCropperExample" */ = {
			isa = XCConfigurationList;
			buildConfigurations = (
				B87A9A1619A4D2CD00D12CD4 /* Debug */,
				B87A9A1719A4D2CD00D12CD4 /* Release */,
			);
			defaultConfigurationIsVisible = 0;
			defaultConfigurationName = Release;
		};
		B87A9A1819A4D2CD00D12CD4 /* Build configuration list for PBXNativeTarget "RSKImageCropperExample" */ = {
			isa = XCConfigurationList;
			buildConfigurations = (
				B87A9A1919A4D2CD00D12CD4 /* Debug */,
				B87A9A1A19A4D2CD00D12CD4 /* Release */,
			);
			defaultConfigurationIsVisible = 0;
			defaultConfigurationName = Release;
		};
		B87A9A1B19A4D2CD00D12CD4 /* Build configuration list for PBXNativeTarget "RSKImageCropperExampleTests" */ = {
			isa = XCConfigurationList;
			buildConfigurations = (
				B87A9A1C19A4D2CD00D12CD4 /* Debug */,
				B87A9A1D19A4D2CD00D12CD4 /* Release */,
			);
			defaultConfigurationIsVisible = 0;
			defaultConfigurationName = Release;
		};
/* End XCConfigurationList section */
	};
	rootObject = B87A99E419A4D2CD00D12CD4 /* Project object */;
}
